
Microsoft Visual Studio Solution File, Format Version 12.00
# Visual Studio Version 17
VisualStudioVersion = 17.0.31903.59
MinimumVisualStudioVersion = 10.0.40219.1
Project("{2150E333-8FDC-42A3-9474-1A3956D46DE8}") = "src", "src", "{A8ED7F0D-36FB-4078-9A35-374C8A0F3E0E}"
EndProject
Project("{2150E333-8FDC-42A3-9474-1A3956D46DE8}") = "Shared", "Shared", "{1B95D117-5066-40CE-9636-48486FE838A8}"
EndProject
Project("{FAE04EC0-301F-11D3-BF4B-00C04F79EFBC}") = "Contracts", "src\Shared\Contracts\Contracts.csproj", "{F74A3455-113B-4BF9-97F0-819A44E7D25E}"
EndProject
Project("{2150E333-8FDC-42A3-9474-1A3956D46DE8}") = "Infrastructure", "Infrastructure", "{9F20357E-35B5-4C3A-A7C5-DEECD5B84B0C}"
EndProject
Project("{FAE04EC0-301F-11D3-BF4B-00C04F79EFBC}") = "Abstractions", "src\Infrastructure\Abstractions\Abstractions.csproj", "{CB87A2D2-3E12-4B48-A268-D99628AD2D91}"
EndProject
Project("{FAE04EC0-301F-11D3-BF4B-00C04F79EFBC}") = "EntityFramework", "src\Infrastructure\EntityFramework\Abstractions\Abstractions.csproj", "{D9F9B30E-DC23-473E-9959-B3587E37C1F9}"
EndProject
Project("{FAE04EC0-301F-11D3-BF4B-00C04F79EFBC}") = "PostgreSql", "src\Infrastructure\EntityFramework\PostgreSql\PostgreSql.csproj", "{2C1332D9-1257-45DC-A9E3-A816DA594E20}"
EndProject
Project("{FAE04EC0-301F-11D3-BF4B-00C04F79EFBC}") = "QueryBuilder", "src\Infrastructure\EntityFramework\QueryBuilder\QueryBuilder.csproj", "{F085D4BA-FF13-4B46-A929-16BB3491199E}"
EndProject
Project("{2150E333-8FDC-42A3-9474-1A3956D46DE8}") = "samples", "samples", "{85485416-BC21-443B-9DAE-2C6CCFFCD8E8}"
EndProject
Project("{FAE04EC0-301F-11D3-BF4B-00C04F79EFBC}") = "Api", "samples\Api\Api.csproj", "{A578DE32-0541-4CBD-8091-4F9DA6C13259}"
EndProject
Project("{FAE04EC0-301F-11D3-BF4B-00C04F79EFBC}") = "Domain", "samples\DevOps\Domain\Domain.csproj", "{56244C95-F58A-4325-BD96-D5B7279399A1}"
EndProject
Project("{2150E333-8FDC-42A3-9474-1A3956D46DE8}") = "Domain", "Domain", "{EE660B4E-D344-4ED7-B7EA-19E53DF05EC7}"
EndProject
Project("{FAE04EC0-301F-11D3-BF4B-00C04F79EFBC}") = "Abstractions", "src\Domain\Abstractions\Abstractions.csproj", "{FB08995F-38B3-4C47-8B41-4F16DE6E19DF}"
EndProject
Project("{2150E333-8FDC-42A3-9474-1A3956D46DE8}") = "Application", "Application", "{949CFB6F-31CF-43D8-826A-1AA7437B1921}"
EndProject
Project("{FAE04EC0-301F-11D3-BF4B-00C04F79EFBC}") = "Abstractions", "src\Application\Abstractions\Abstractions.csproj", "{93414FD9-D177-4D05-A217-64982649CF20}"
EndProject
Global
	GlobalSection(SolutionConfigurationPlatforms) = preSolution
		Debug|Any CPU = Debug|Any CPU
		Release|Any CPU = Release|Any CPU
	EndGlobalSection
	GlobalSection(SolutionProperties) = preSolution
		HideSolutionNode = FALSE
	EndGlobalSection
	GlobalSection(ProjectConfigurationPlatforms) = postSolution
		{F74A3455-113B-4BF9-97F0-819A44E7D25E}.Debug|Any CPU.ActiveCfg = Debug|Any CPU
		{F74A3455-113B-4BF9-97F0-819A44E7D25E}.Debug|Any CPU.Build.0 = Debug|Any CPU
		{F74A3455-113B-4BF9-97F0-819A44E7D25E}.Release|Any CPU.ActiveCfg = Release|Any CPU
		{F74A3455-113B-4BF9-97F0-819A44E7D25E}.Release|Any CPU.Build.0 = Release|Any CPU
		{CB87A2D2-3E12-4B48-A268-D99628AD2D91}.Debug|Any CPU.ActiveCfg = Debug|Any CPU
		{CB87A2D2-3E12-4B48-A268-D99628AD2D91}.Debug|Any CPU.Build.0 = Debug|Any CPU
		{CB87A2D2-3E12-4B48-A268-D99628AD2D91}.Release|Any CPU.ActiveCfg = Release|Any CPU
		{CB87A2D2-3E12-4B48-A268-D99628AD2D91}.Release|Any CPU.Build.0 = Release|Any CPU
		{D9F9B30E-DC23-473E-9959-B3587E37C1F9}.Debug|Any CPU.ActiveCfg = Debug|Any CPU
		{D9F9B30E-DC23-473E-9959-B3587E37C1F9}.Debug|Any CPU.Build.0 = Debug|Any CPU
		{D9F9B30E-DC23-473E-9959-B3587E37C1F9}.Release|Any CPU.ActiveCfg = Release|Any CPU
		{D9F9B30E-DC23-473E-9959-B3587E37C1F9}.Release|Any CPU.Build.0 = Release|Any CPU
		{2C1332D9-1257-45DC-A9E3-A816DA594E20}.Debug|Any CPU.ActiveCfg = Debug|Any CPU
		{2C1332D9-1257-45DC-A9E3-A816DA594E20}.Debug|Any CPU.Build.0 = Debug|Any CPU
		{2C1332D9-1257-45DC-A9E3-A816DA594E20}.Release|Any CPU.ActiveCfg = Release|Any CPU
		{2C1332D9-1257-45DC-A9E3-A816DA594E20}.Release|Any CPU.Build.0 = Release|Any CPU
		{F085D4BA-FF13-4B46-A929-16BB3491199E}.Debug|Any CPU.ActiveCfg = Debug|Any CPU
		{F085D4BA-FF13-4B46-A929-16BB3491199E}.Debug|Any CPU.Build.0 = Debug|Any CPU
		{F085D4BA-FF13-4B46-A929-16BB3491199E}.Release|Any CPU.ActiveCfg = Release|Any CPU
		{F085D4BA-FF13-4B46-A929-16BB3491199E}.Release|Any CPU.Build.0 = Release|Any CPU
		{A578DE32-0541-4CBD-8091-4F9DA6C13259}.Debug|Any CPU.ActiveCfg = Debug|Any CPU
		{A578DE32-0541-4CBD-8091-4F9DA6C13259}.Debug|Any CPU.Build.0 = Debug|Any CPU
		{A578DE32-0541-4CBD-8091-4F9DA6C13259}.Release|Any CPU.ActiveCfg = Release|Any CPU
		{A578DE32-0541-4CBD-8091-4F9DA6C13259}.Release|Any CPU.Build.0 = Release|Any CPU
		{56244C95-F58A-4325-BD96-D5B7279399A1}.Debug|Any CPU.ActiveCfg = Debug|Any CPU
		{56244C95-F58A-4325-BD96-D5B7279399A1}.Debug|Any CPU.Build.0 = Debug|Any CPU
		{56244C95-F58A-4325-BD96-D5B7279399A1}.Release|Any CPU.ActiveCfg = Release|Any CPU
		{56244C95-F58A-4325-BD96-D5B7279399A1}.Release|Any CPU.Build.0 = Release|Any CPU
		{FB08995F-38B3-4C47-8B41-4F16DE6E19DF}.Debug|Any CPU.ActiveCfg = Debug|Any CPU
		{FB08995F-38B3-4C47-8B41-4F16DE6E19DF}.Debug|Any CPU.Build.0 = Debug|Any CPU
		{FB08995F-38B3-4C47-8B41-4F16DE6E19DF}.Release|Any CPU.ActiveCfg = Release|Any CPU
		{FB08995F-38B3-4C47-8B41-4F16DE6E19DF}.Release|Any CPU.Build.0 = Release|Any CPU
		{93414FD9-D177-4D05-A217-64982649CF20}.Debug|Any CPU.ActiveCfg = Debug|Any CPU
		{93414FD9-D177-4D05-A217-64982649CF20}.Debug|Any CPU.Build.0 = Debug|Any CPU
		{93414FD9-D177-4D05-A217-64982649CF20}.Release|Any CPU.ActiveCfg = Release|Any CPU
		{93414FD9-D177-4D05-A217-64982649CF20}.Release|Any CPU.Build.0 = Release|Any CPU
	EndGlobalSection
	GlobalSection(NestedProjects) = preSolution
		{1B95D117-5066-40CE-9636-48486FE838A8} = {A8ED7F0D-36FB-4078-9A35-374C8A0F3E0E}
		{F74A3455-113B-4BF9-97F0-819A44E7D25E} = {1B95D117-5066-40CE-9636-48486FE838A8}
		{9F20357E-35B5-4C3A-A7C5-DEECD5B84B0C} = {A8ED7F0D-36FB-4078-9A35-374C8A0F3E0E}
		{CB87A2D2-3E12-4B48-A268-D99628AD2D91} = {9F20357E-35B5-4C3A-A7C5-DEECD5B84B0C}
		{D9F9B30E-DC23-473E-9959-B3587E37C1F9} = {9F20357E-35B5-4C3A-A7C5-DEECD5B84B0C}
		{2C1332D9-1257-45DC-A9E3-A816DA594E20} = {9F20357E-35B5-4C3A-A7C5-DEECD5B84B0C}
		{F085D4BA-FF13-4B46-A929-16BB3491199E} = {9F20357E-35B5-4C3A-A7C5-DEECD5B84B0C}
		{A578DE32-0541-4CBD-8091-4F9DA6C13259} = {85485416-BC21-443B-9DAE-2C6CCFFCD8E8}
		{56244C95-F58A-4325-BD96-D5B7279399A1} = {85485416-BC21-443B-9DAE-2C6CCFFCD8E8}
		{EE660B4E-D344-4ED7-B7EA-19E53DF05EC7} = {A8ED7F0D-36FB-4078-9A35-374C8A0F3E0E}
		{FB08995F-38B3-4C47-8B41-4F16DE6E19DF} = {EE660B4E-D344-4ED7-B7EA-19E53DF05EC7}
		{949CFB6F-31CF-43D8-826A-1AA7437B1921} = {A8ED7F0D-36FB-4078-9A35-374C8A0F3E0E}
		{93414FD9-D177-4D05-A217-64982649CF20} = {949CFB6F-31CF-43D8-826A-1AA7437B1921}
	EndGlobalSection
EndGlobal
