
Microsoft Visual Studio Solution File, Format Version 12.00
# Visual Studio Version 17
VisualStudioVersion = 17.5.002.0
MinimumVisualStudioVersion = 10.0.40219.1
Project("{9A19103F-16F7-4668-BE54-9A1E7A4F7556}") = "LightningArc.Contracts", "LightningArc.Contracts.csproj", "{17004D6E-033F-4D78-BC3D-743B41A19FB9}"
EndProject
Global
	GlobalSection(SolutionConfigurationPlatforms) = preSolution
		Debug|Any CPU = Debug|Any CPU
		Release|Any CPU = Release|Any CPU
	EndGlobalSection
	GlobalSection(ProjectConfigurationPlatforms) = postSolution
		{17004D6E-033F-4D78-BC3D-743B41A19FB9}.Debug|Any CPU.ActiveCfg = Debug|Any CPU
		{17004D6E-033F-4D78-BC3D-743B41A19FB9}.Debug|Any CPU.Build.0 = Debug|Any CPU
		{17004D6E-033F-4D78-BC3D-743B41A19FB9}.Release|Any CPU.ActiveCfg = Release|Any CPU
		{17004D6E-033F-4D78-BC3D-743B41A19FB9}.Release|Any CPU.Build.0 = Release|Any CPU
	EndGlobalSection
	GlobalSection(SolutionProperties) = preSolution
		HideSolutionNode = FALSE
	EndGlobalSection
	GlobalSection(ExtensibilityGlobals) = postSolution
		SolutionGuid = {C1300D5A-156C-4EE1-B5B5-D0FBE469B1AB}
	EndGlobalSection
EndGlobal
